
Microsoft Visual Studio Solution File, Format Version 12.00
# Visual Studio Version 16
VisualStudioVersion = 16.0.32126.315
MinimumVisualStudioVersion = 10.0.40219.1
Project("{9A19103F-16F7-4668-BE54-9A1E7A4F7556}") = "Ston", "Ston\Ston.csproj", "{F36590E7-A008-4DF6-A4D1-712E23533498}"
EndProject
Project("{FAE04EC0-301F-11D3-BF4B-00C04F79EFBC}") = "Ston.Tests", "Ston.Tests\Ston.Tests.csproj", "{9655300E-5826-404D-8130-65C74AE1ED63}"
EndProject
Global
	GlobalSection(SolutionConfigurationPlatforms) = preSolution
		Debug|Any CPU = Debug|Any CPU
		Release|Any CPU = Release|Any CPU
	EndGlobalSection
	GlobalSection(ProjectConfigurationPlatforms) = postSolution
		{F36590E7-A008-4DF6-A4D1-712E23533498}.Debug|Any CPU.ActiveCfg = Debug|Any CPU
		{F36590E7-A008-4DF6-A4D1-712E23533498}.Debug|Any CPU.Build.0 = Debug|Any CPU
		{F36590E7-A008-4DF6-A4D1-712E23533498}.Release|Any CPU.ActiveCfg = Release|Any CPU
		{F36590E7-A008-4DF6-A4D1-712E23533498}.Release|Any CPU.Build.0 = Release|Any CPU
		{9655300E-5826-404D-8130-65C74AE1ED63}.Debug|Any CPU.ActiveCfg = Debug|Any CPU
		{9655300E-5826-404D-8130-65C74AE1ED63}.Debug|Any CPU.Build.0 = Debug|Any CPU
		{9655300E-5826-404D-8130-65C74AE1ED63}.Release|Any CPU.ActiveCfg = Release|Any CPU
		{9655300E-5826-404D-8130-65C74AE1ED63}.Release|Any CPU.Build.0 = Release|Any CPU
	EndGlobalSection
	GlobalSection(SolutionProperties) = preSolution
		HideSolutionNode = FALSE
	EndGlobalSection
	GlobalSection(ExtensibilityGlobals) = postSolution
		SolutionGuid = {BEF24B96-0884-444D-8BA0-93DBA04561BE}
	EndGlobalSection
EndGlobal
